// !$*UTF8*$!
{
	archiveVersion = 1;
	classes = {
	};
	objectVersion = 46;
	objects = {

/* Begin PBXBuildFile section */
		DEBDDA311990634000C35809 /* AppDelegate.swift in Sources */ = {isa = PBXBuildFile; fileRef = DEBDDA301990634000C35809 /* AppDelegate.swift */; };
		DEBDDA331990634000C35809 /* ViewController.swift in Sources */ = {isa = PBXBuildFile; fileRef = DEBDDA321990634000C35809 /* ViewController.swift */; };
		DEBDDA361990634000C35809 /* Main.storyboard in Resources */ = {isa = PBXBuildFile; fileRef = DEBDDA341990634000C35809 /* Main.storyboard */; };
		DEBDDA381990634000C35809 /* Images.xcassets in Resources */ = {isa = PBXBuildFile; fileRef = DEBDDA371990634000C35809 /* Images.xcassets */; };
		DEBDDA441990634000C35809 /* tipsTests.swift in Sources */ = {isa = PBXBuildFile; fileRef = DEBDDA431990634000C35809 /* tipsTests.swift */; };
/* End PBXBuildFile section */

/* Begin PBXContainerItemProxy section */
		DEBDDA3E1990634000C35809 /* PBXContainerItemProxy */ = {
			isa = PBXContainerItemProxy;
			containerPortal = DEBDDA231990634000C35809 /* Project object */;
			proxyType = 1;
			remoteGlobalIDString = DEBDDA2A1990634000C35809;
			remoteInfo = tips;
		};
/* End PBXContainerItemProxy section */

/* Begin PBXFileReference section */
		DEBDDA2B1990634000C35809 /* tips.app */ = {isa = PBXFileReference; explicitFileType = wrapper.application; includeInIndex = 0; path = tips.app; sourceTree = BUILT_PRODUCTS_DIR; };
		DEBDDA2F1990634000C35809 /* Info.plist */ = {isa = PBXFileReference; lastKnownFileType = text.plist.xml; path = Info.plist; sourceTree = "<group>"; };
		DEBDDA301990634000C35809 /* AppDelegate.swift */ = {isa = PBXFileReference; lastKnownFileType = sourcecode.swift; path = AppDelegate.swift; sourceTree = "<group>"; };
		DEBDDA321990634000C35809 /* ViewController.swift */ = {isa = PBXFileReference; lastKnownFileType = sourcecode.swift; path = ViewController.swift; sourceTree = "<group>"; };
		DEBDDA351990634000C35809 /* Base */ = {isa = PBXFileReference; lastKnownFileType = file.storyboard; name = Base; path = Base.lproj/Main.storyboard; sourceTree = "<group>"; };
		DEBDDA371990634000C35809 /* Images.xcassets */ = {isa = PBXFileReference; lastKnownFileType = folder.assetcatalog; path = Images.xcassets; sourceTree = "<group>"; };
		DEBDDA3D1990634000C35809 /* tipsTests.xctest */ = {isa = PBXFileReference; explicitFileType = wrapper.cfbundle; includeInIndex = 0; path = tipsTests.xctest; sourceTree = BUILT_PRODUCTS_DIR; };
		DEBDDA421990634000C35809 /* Info.plist */ = {isa = PBXFileReference; lastKnownFileType = text.plist.xml; path = Info.plist; sourceTree = "<group>"; };
		DEBDDA431990634000C35809 /* tipsTests.swift */ = {isa = PBXFileReference; lastKnownFileType = sourcecode.swift; path = tipsTests.swift; sourceTree = "<group>"; };
/* End PBXFileReference section */

/* Begin PBXFrameworksBuildPhase section */
		DEBDDA281990634000C35809 /* Frameworks */ = {
			isa = PBXFrameworksBuildPhase;
			buildActionMask = 2147483647;
			files = (
			);
			runOnlyForDeploymentPostprocessing = 0;
		};
		DEBDDA3A1990634000C35809 /* Frameworks */ = {
			isa = PBXFrameworksBuildPhase;
			buildActionMask = 2147483647;
			files = (
			);
			runOnlyForDeploymentPostprocessing = 0;
		};
/* End PBXFrameworksBuildPhase section */

/* Begin PBXGroup section */
		DEBDDA221990634000C35809 = {
			isa = PBXGroup;
			children = (
				DEBDDA2D1990634000C35809 /* tips */,
				DEBDDA401990634000C35809 /* tipsTests */,
				DEBDDA2C1990634000C35809 /* Products */,
			);
			sourceTree = "<group>";
		};
		DEBDDA2C1990634000C35809 /* Products */ = {
			isa = PBXGroup;
			children = (
				DEBDDA2B1990634000C35809 /* tips.app */,
				DEBDDA3D1990634000C35809 /* tipsTests.xctest */,
			);
			name = Products;
			sourceTree = "<group>";
		};
		DEBDDA2D1990634000C35809 /* tips */ = {
			isa = PBXGroup;
			children = (
				DEBDDA301990634000C35809 /* AppDelegate.swift */,
				DEBDDA321990634000C35809 /* ViewController.swift */,
				DEBDDA341990634000C35809 /* Main.storyboard */,
				DEBDDA371990634000C35809 /* Images.xcassets */,
				DEBDDA2E1990634000C35809 /* Supporting Files */,
			);
			path = tips;
			sourceTree = "<group>";
		};
		DEBDDA2E1990634000C35809 /* Supporting Files */ = {
			isa = PBXGroup;
			children = (
				DEBDDA2F1990634000C35809 /* Info.plist */,
			);
			name = "Supporting Files";
			sourceTree = "<group>";
		};
		DEBDDA401990634000C35809 /* tipsTests */ = {
			isa = PBXGroup;
			children = (
				DEBDDA431990634000C35809 /* tipsTests.swift */,
				DEBDDA411990634000C35809 /* Supporting Files */,
			);
			path = tipsTests;
			sourceTree = "<group>";
		};
		DEBDDA411990634000C35809 /* Supporting Files */ = {
			isa = PBXGroup;
			children = (
				DEBDDA421990634000C35809 /* Info.plist */,
			);
			name = "Supporting Files";
			sourceTree = "<group>";
		};
/* End PBXGroup section */

/* Begin PBXNativeTarget section */
		DEBDDA2A1990634000C35809 /* tips */ = {
			isa = PBXNativeTarget;
			buildConfigurationList = DEBDDA471990634000C35809 /* Build configuration list for PBXNativeTarget "tips" */;
			buildPhases = (
				DEBDDA271990634000C35809 /* Sources */,
				DEBDDA281990634000C35809 /* Frameworks */,
				DEBDDA291990634000C35809 /* Resources */,
			);
			buildRules = (
			);
			dependencies = (
			);
			name = tips;
			productName = tips;
			productReference = DEBDDA2B1990634000C35809 /* tips.app */;
			productType = "com.apple.product-type.application";
		};
		DEBDDA3C1990634000C35809 /* tipsTests */ = {
			isa = PBXNativeTarget;
			buildConfigurationList = DEBDDA4A1990634000C35809 /* Build configuration list for PBXNativeTarget "tipsTests" */;
			buildPhases = (
				DEBDDA391990634000C35809 /* Sources */,
				DEBDDA3A1990634000C35809 /* Frameworks */,
				DEBDDA3B1990634000C35809 /* Resources */,
			);
			buildRules = (
			);
			dependencies = (
				DEBDDA3F1990634000C35809 /* PBXTargetDependency */,
			);
			name = tipsTests;
			productName = tipsTests;
			productReference = DEBDDA3D1990634000C35809 /* tipsTests.xctest */;
			productType = "com.apple.product-type.bundle.unit-test";
		};
/* End PBXNativeTarget section */

/* Begin PBXProject section */
		DEBDDA231990634000C35809 /* Project object */ = {
			isa = PBXProject;
			attributes = {
				LastUpgradeCheck = 0600;
				ORGANIZATIONNAME = "Ryhan Hassan";
				TargetAttributes = {
					DEBDDA2A1990634000C35809 = {
						CreatedOnToolsVersion = 6.0;
						DevelopmentTeam = 9VUC3R8D65;
					};
					DEBDDA3C1990634000C35809 = {
						CreatedOnToolsVersion = 6.0;
						TestTargetID = DEBDDA2A1990634000C35809;
					};
				};
			};
			buildConfigurationList = DEBDDA261990634000C35809 /* Build configuration list for PBXProject "tips" */;
			compatibilityVersion = "Xcode 3.2";
			developmentRegion = English;
			hasScannedForEncodings = 0;
			knownRegions = (
				en,
				Base,
			);
			mainGroup = DEBDDA221990634000C35809;
			productRefGroup = DEBDDA2C1990634000C35809 /* Products */;
			projectDirPath = "";
			projectRoot = "";
			targets = (
				DEBDDA2A1990634000C35809 /* tips */,
				DEBDDA3C1990634000C35809 /* tipsTests */,
			);
		};
/* End PBXProject section */

/* Begin PBXResourcesBuildPhase section */
		DEBDDA291990634000C35809 /* Resources */ = {
			isa = PBXResourcesBuildPhase;
			buildActionMask = 2147483647;
			files = (
				DEBDDA361990634000C35809 /* Main.storyboard in Resources */,
				DEBDDA381990634000C35809 /* Images.xcassets in Resources */,
			);
			runOnlyForDeploymentPostprocessing = 0;
		};
		DEBDDA3B1990634000C35809 /* Resources */ = {
			isa = PBXResourcesBuildPhase;
			buildActionMask = 2147483647;
			files = (
			);
			runOnlyForDeploymentPostprocessing = 0;
		};
/* End PBXResourcesBuildPhase section */

/* Begin PBXSourcesBuildPhase section */
		DEBDDA271990634000C35809 /* Sources */ = {
			isa = PBXSourcesBuildPhase;
			buildActionMask = 2147483647;
			files = (
				DEBDDA331990634000C35809 /* ViewController.swift in Sources */,
				DEBDDA311990634000C35809 /* AppDelegate.swift in Sources */,
			);
			runOnlyForDeploymentPostprocessing = 0;
		};
		DEBDDA391990634000C35809 /* Sources */ = {
			isa = PBXSourcesBuildPhase;
			buildActionMask = 2147483647;
			files = (
				DEBDDA441990634000C35809 /* tipsTests.swift in Sources */,
			);
			runOnlyForDeploymentPostprocessing = 0;
		};
/* End PBXSourcesBuildPhase section */

/* Begin PBXTargetDependency section */
		DEBDDA3F1990634000C35809 /* PBXTargetDependency */ = {
			isa = PBXTargetDependency;
			target = DEBDDA2A1990634000C35809 /* tips */;
			targetProxy = DEBDDA3E1990634000C35809 /* PBXContainerItemProxy */;
		};
/* End PBXTargetDependency section */

/* Begin PBXVariantGroup section */
		DEBDDA341990634000C35809 /* Main.storyboard */ = {
			isa = PBXVariantGroup;
			children = (
				DEBDDA351990634000C35809 /* Base */,
			);
			name = Main.storyboard;
			sourceTree = "<group>";
		};
/* End PBXVariantGroup section */

/* Begin XCBuildConfiguration section */
		DEBDDA451990634000C35809 /* Debug */ = {
			isa = XCBuildConfiguration;
			buildSettings = {
				ALWAYS_SEARCH_USER_PATHS = NO;
				CLANG_CXX_LANGUAGE_STANDARD = "gnu++0x";
				CLANG_CXX_LIBRARY = "libc++";
				CLANG_ENABLE_MODULES = YES;
				CLANG_ENABLE_OBJC_ARC = YES;
				CLANG_WARN_BOOL_CONVERSION = YES;
				CLANG_WARN_CONSTANT_CONVERSION = YES;
				CLANG_WARN_DIRECT_OBJC_ISA_USAGE = YES_ERROR;
				CLANG_WARN_EMPTY_BODY = YES;
				CLANG_WARN_ENUM_CONVERSION = YES;
				CLANG_WARN_INT_CONVERSION = YES;
				CLANG_WARN_OBJC_ROOT_CLASS = YES_ERROR;
				CLANG_WARN_UNREACHABLE_CODE = YES;
				CLANG_WARN__DUPLICATE_METHOD_MATCH = YES;
				"CODE_SIGN_IDENTITY[sdk=iphoneos*]" = "iPhone Developer";
				COPY_PHASE_STRIP = NO;
				ENABLE_STRICT_OBJC_MSGSEND = YES;
				GCC_C_LANGUAGE_STANDARD = gnu99;
				GCC_DYNAMIC_NO_PIC = NO;
				GCC_OPTIMIZATION_LEVEL = 0;
				GCC_PREPROCESSOR_DEFINITIONS = (
					"DEBUG=1",
					"$(inherited)",
				);
				GCC_SYMBOLS_PRIVATE_EXTERN = NO;
				GCC_WARN_64_TO_32_BIT_CONVERSION = YES;
				GCC_WARN_ABOUT_RETURN_TYPE = YES_ERROR;
				GCC_WARN_UNDECLARED_SELECTOR = YES;
				GCC_WARN_UNINITIALIZED_AUTOS = YES_AGGRESSIVE;
				GCC_WARN_UNUSED_FUNCTION = YES;
				GCC_WARN_UNUSED_VARIABLE = YES;
				IPHONEOS_DEPLOYMENT_TARGET = 8.0;
				MTL_ENABLE_DEBUG_INFO = YES;
				ONLY_ACTIVE_ARCH = YES;
				SDKROOT = iphoneos;
				SWIFT_OPTIMIZATION_LEVEL = "-Onone";
			};
			name = Debug;
		};
		DEBDDA461990634000C35809 /* Release */ = {
			isa = XCBuildConfiguration;
			buildSettings = {
				ALWAYS_SEARCH_USER_PATHS = NO;
				CLANG_CXX_LANGUAGE_STANDARD = "gnu++0x";
				CLANG_CXX_LIBRARY = "libc++";
				CLANG_ENABLE_MODULES = YES;
				CLANG_ENABLE_OBJC_ARC = YES;
				CLANG_WARN_BOOL_CONVERSION = YES;
				CLANG_WARN_CONSTANT_CONVERSION = YES;
				CLANG_WARN_DIRECT_OBJC_ISA_USAGE = YES_ERROR;
				CLANG_WARN_EMPTY_BODY = YES;
				CLANG_WARN_ENUM_CONVERSION = YES;
				CLANG_WARN_INT_CONVERSION = YES;
				CLANG_WARN_OBJC_ROOT_CLASS = YES_ERROR;
				CLANG_WARN_UNREACHABLE_CODE = YES;
				CLANG_WARN__DUPLICATE_METHOD_MATCH = YES;
				"CODE_SIGN_IDENTITY[sdk=iphoneos*]" = "iPhone Developer";
				COPY_PHASE_STRIP = YES;
				ENABLE_NS_ASSERTIONS = NO;
				ENABLE_STRICT_OBJC_MSGSEND = YES;
				GCC_C_LANGUAGE_STANDARD = gnu99;
				GCC_WARN_64_TO_32_BIT_CONVERSION = YES;
				GCC_WARN_ABOUT_RETURN_TYPE = YES_ERROR;
				GCC_WARN_UNDECLARED_SELECTOR = YES;
				GCC_WARN_UNINITIALIZED_AUTOS = YES_AGGRESSIVE;
				GCC_WARN_UNUSED_FUNCTION = YES;
				GCC_WARN_UNUSED_VARIABLE = YES;
				IPHONEOS_DEPLOYMENT_TARGET = 8.0;
				MTL_ENABLE_DEBUG_INFO = NO;
				SDKROOT = iphoneos;
				VALIDATE_PRODUCT = YES;
			};
			name = Release;
		};
		DEBDDA481990634000C35809 /* Debug */ = {
			isa = XCBuildConfiguration;
			buildSettings = {
				ASSETCATALOG_COMPILER_APPICON_NAME = AppIcon;
				ASSETCATALOG_COMPILER_LAUNCHIMAGE_NAME = LaunchImage;
				INFOPLIST_FILE = tips/Info.plist;
				IPHONEOS_DEPLOYMENT_TARGET = 7.0;
				LD_RUNPATH_SEARCH_PATHS = "$(inherited) @executable_path/Frameworks";
				PRODUCT_NAME = "$(TARGET_NAME)";
			};
			name = Debug;
		};
		DEBDDA491990634000C35809 /* Release */ = {
			isa = XCBuildConfiguration;
			buildSettings = {
				ASSETCATALOG_COMPILER_APPICON_NAME = AppIcon;
				ASSETCATALOG_COMPILER_LAUNCHIMAGE_NAME = LaunchImage;
				INFOPLIST_FILE = tips/Info.plist;
				IPHONEOS_DEPLOYMENT_TARGET = 7.0;
				LD_RUNPATH_SEARCH_PATHS = "$(inherited) @executable_path/Frameworks";
				PRODUCT_NAME = "$(TARGET_NAME)";
			};
			name = Release;
		};
		DEBDDA4B1990634000C35809 /* Debug */ = {
			isa = XCBuildConfiguration;
			buildSettings = {
				BUNDLE_LOADER = "$(TEST_HOST)";
				FRAMEWORK_SEARCH_PATHS = (
					"$(SDKROOT)/Developer/Library/Frameworks",
					"$(inherited)",
				);
				GCC_PREPROCESSOR_DEFINITIONS = (
					"DEBUG=1",
					"$(inherited)",
				);
				INFOPLIST_FILE = tipsTests/Info.plist;
				LD_RUNPATH_SEARCH_PATHS = "$(inherited) @executable_path/Frameworks @loader_path/Frameworks";
				PRODUCT_NAME = "$(TARGET_NAME)";
				TEST_HOST = "$(BUILT_PRODUCTS_DIR)/tips.app/tips";
			};
			name = Debug;
		};
		DEBDDA4C1990634000C35809 /* Release */ = {
			isa = XCBuildConfiguration;
			buildSettings = {
				BUNDLE_LOADER = "$(TEST_HOST)";
				FRAMEWORK_SEARCH_PATHS = (
					"$(SDKROOT)/Developer/Library/Frameworks",
					"$(inherited)",
				);
				INFOPLIST_FILE = tipsTests/Info.plist;
				LD_RUNPATH_SEARCH_PATHS = "$(inherited) @executable_path/Frameworks @loader_path/Frameworks";
				PRODUCT_NAME = "$(TARGET_NAME)";
				TEST_HOST = "$(BUILT_PRODUCTS_DIR)/tips.app/tips";
			};
			name = Release;
		};
/* End XCBuildConfiguration section */

/* Begin XCConfigurationList section */
		DEBDDA261990634000C35809 /* Build configuration list for PBXProject "tips" */ = {
			isa = XCConfigurationList;
			buildConfigurations = (
				DEBDDA451990634000C35809 /* Debug */,
				DEBDDA461990634000C35809 /* Release */,
			);
			defaultConfigurationIsVisible = 0;
			defaultConfigurationName = Release;
		};
		DEBDDA471990634000C35809 /* Build configuration list for PBXNativeTarget "tips" */ = {
			isa = XCConfigurationList;
			buildConfigurations = (
				DEBDDA481990634000C35809 /* Debug */,
				DEBDDA491990634000C35809 /* Release */,
			);
			defaultConfigurationIsVisible = 0;
		};
		DEBDDA4A1990634000C35809 /* Build configuration list for PBXNativeTarget "tipsTests" */ = {
			isa = XCConfigurationList;
			buildConfigurations = (
				DEBDDA4B1990634000C35809 /* Debug */,
				DEBDDA4C1990634000C35809 /* Release */,
			);
			defaultConfigurationIsVisible = 0;
		};
/* End XCConfigurationList section */
	};
	rootObject = DEBDDA231990634000C35809 /* Project object */;
}
